
Microsoft Visual Studio Solution File, Format Version 12.00
# Visual Studio 14
VisualStudioVersion = 14.0.25420.1
MinimumVisualStudioVersion = 10.0.40219.1
Project("{FAE04EC0-301F-11D3-BF4B-00C04F79EFBC}") = "GameOfLife.Src", "GameOfLife\GameOfLife.Src\GameOfLife.Src.csproj", "{B0E7142D-EA3F-481A-8D75-17CCB074F053}"
EndProject
Project("{FAE04EC0-301F-11D3-BF4B-00C04F79EFBC}") = "GameOfLife.Test", "GameOfLife\GameOfLife.Test\GameOfLife.Test.csproj", "{314CCFE8-558F-40BD-9853-877B9921BE20}"
EndProject
Global
	GlobalSection(SolutionConfigurationPlatforms) = preSolution
		Debug|Any CPU = Debug|Any CPU
		Release|Any CPU = Release|Any CPU
	EndGlobalSection
	GlobalSection(ProjectConfigurationPlatforms) = postSolution
		{B0E7142D-EA3F-481A-8D75-17CCB074F053}.Debug|Any CPU.ActiveCfg = Debug|Any CPU
		{B0E7142D-EA3F-481A-8D75-17CCB074F053}.Debug|Any CPU.Build.0 = Debug|Any CPU
		{B0E7142D-EA3F-481A-8D75-17CCB074F053}.Release|Any CPU.ActiveCfg = Release|Any CPU
		{B0E7142D-EA3F-481A-8D75-17CCB074F053}.Release|Any CPU.Build.0 = Release|Any CPU
		{314CCFE8-558F-40BD-9853-877B9921BE20}.Debug|Any CPU.ActiveCfg = Debug|Any CPU
		{314CCFE8-558F-40BD-9853-877B9921BE20}.Debug|Any CPU.Build.0 = Debug|Any CPU
		{314CCFE8-558F-40BD-9853-877B9921BE20}.Release|Any CPU.ActiveCfg = Release|Any CPU
		{314CCFE8-558F-40BD-9853-877B9921BE20}.Release|Any CPU.Build.0 = Release|Any CPU
	EndGlobalSection
	GlobalSection(SolutionProperties) = preSolution
		HideSolutionNode = FALSE
	EndGlobalSection
EndGlobal
